// !$*UTF8*$!
{
	archiveVersion = 1;
	classes = {
	};
	objectVersion = 46;
	objects = {

/* Begin PBXBuildFile section */
		2F58156C1C0B86B2005EE900 /* AppDelegate.swift in Sources */ = {isa = PBXBuildFile; fileRef = 2F58156B1C0B86B2005EE900 /* AppDelegate.swift */; };
		2F58156E1C0B86B2005EE900 /* ViewController.swift in Sources */ = {isa = PBXBuildFile; fileRef = 2F58156D1C0B86B2005EE900 /* ViewController.swift */; };
		2F5815711C0B86B2005EE900 /* Main.storyboard in Resources */ = {isa = PBXBuildFile; fileRef = 2F58156F1C0B86B2005EE900 /* Main.storyboard */; };
		2F5815731C0B86B2005EE900 /* Assets.xcassets in Resources */ = {isa = PBXBuildFile; fileRef = 2F5815721C0B86B2005EE900 /* Assets.xcassets */; };
		2F5815761C0B86B2005EE900 /* LaunchScreen.storyboard in Resources */ = {isa = PBXBuildFile; fileRef = 2F5815741C0B86B2005EE900 /* LaunchScreen.storyboard */; };
		2F58157E1C0B86CA005EE900 /* FMLYBND- Letting Go.mp3 in Resources */ = {isa = PBXBuildFile; fileRef = 2F58157D1C0B86CA005EE900 /* FMLYBND- Letting Go.mp3 */; settings = {ASSET_TAGS = (); }; };
/* End PBXBuildFile section */

/* Begin PBXFileReference section */
		2F5815681C0B86B1005EE900 /* Working With Audio.app */ = {isa = PBXFileReference; explicitFileType = wrapper.application; includeInIndex = 0; path = "Working With Audio.app"; sourceTree = BUILT_PRODUCTS_DIR; };
		2F58156B1C0B86B2005EE900 /* AppDelegate.swift */ = {isa = PBXFileReference; lastKnownFileType = sourcecode.swift; path = AppDelegate.swift; sourceTree = "<group>"; };
		2F58156D1C0B86B2005EE900 /* ViewController.swift */ = {isa = PBXFileReference; lastKnownFileType = sourcecode.swift; path = ViewController.swift; sourceTree = "<group>"; };
		2F5815701C0B86B2005EE900 /* Base */ = {isa = PBXFileReference; lastKnownFileType = file.storyboard; name = Base; path = Base.lproj/Main.storyboard; sourceTree = "<group>"; };
		2F5815721C0B86B2005EE900 /* Assets.xcassets */ = {isa = PBXFileReference; lastKnownFileType = folder.assetcatalog; path = Assets.xcassets; sourceTree = "<group>"; };
		2F5815751C0B86B2005EE900 /* Base */ = {isa = PBXFileReference; lastKnownFileType = file.storyboard; name = Base; path = Base.lproj/LaunchScreen.storyboard; sourceTree = "<group>"; };
		2F5815771C0B86B2005EE900 /* Info.plist */ = {isa = PBXFileReference; lastKnownFileType = text.plist.xml; path = Info.plist; sourceTree = "<group>"; };
		2F58157D1C0B86CA005EE900 /* FMLYBND- Letting Go.mp3 */ = {isa = PBXFileReference; lastKnownFileType = audio.mp3; name = "FMLYBND- Letting Go.mp3"; path = "../../../../Music/spotify_local/FMLYBND- Letting Go.mp3"; sourceTree = "<group>"; };
/* End PBXFileReference section */

/* Begin PBXFrameworksBuildPhase section */
		2F5815651C0B86B1005EE900 /* Frameworks */ = {
			isa = PBXFrameworksBuildPhase;
			buildActionMask = 2147483647;
			files = (
			);
			runOnlyForDeploymentPostprocessing = 0;
		};
/* End PBXFrameworksBuildPhase section */

/* Begin PBXGroup section */
		2F58155F1C0B86B1005EE900 = {
			isa = PBXGroup;
			children = (
				2F58156A1C0B86B1005EE900 /* Working With Audio */,
				2F5815691C0B86B1005EE900 /* Products */,
			);
			sourceTree = "<group>";
		};
		2F5815691C0B86B1005EE900 /* Products */ = {
			isa = PBXGroup;
			children = (
				2F5815681C0B86B1005EE900 /* Working With Audio.app */,
			);
			name = Products;
			sourceTree = "<group>";
		};
		2F58156A1C0B86B1005EE900 /* Working With Audio */ = {
			isa = PBXGroup;
			children = (
				2F58156B1C0B86B2005EE900 /* AppDelegate.swift */,
				2F58156D1C0B86B2005EE900 /* ViewController.swift */,
				2F58156F1C0B86B2005EE900 /* Main.storyboard */,
				2F5815721C0B86B2005EE900 /* Assets.xcassets */,
				2F5815741C0B86B2005EE900 /* LaunchScreen.storyboard */,
				2F5815771C0B86B2005EE900 /* Info.plist */,
				2F58157D1C0B86CA005EE900 /* FMLYBND- Letting Go.mp3 */,
			);
			path = "Working With Audio";
			sourceTree = "<group>";
		};
/* End PBXGroup section */

/* Begin PBXNativeTarget section */
		2F5815671C0B86B1005EE900 /* Working With Audio */ = {
			isa = PBXNativeTarget;
			buildConfigurationList = 2F58157A1C0B86B2005EE900 /* Build configuration list for PBXNativeTarget "Working With Audio" */;
			buildPhases = (
				2F5815641C0B86B1005EE900 /* Sources */,
				2F5815651C0B86B1005EE900 /* Frameworks */,
				2F5815661C0B86B1005EE900 /* Resources */,
			);
			buildRules = (
			);
			dependencies = (
			);
			name = "Working With Audio";
			productName = "Working With Audio";
			productReference = 2F5815681C0B86B1005EE900 /* Working With Audio.app */;
			productType = "com.apple.product-type.application";
		};
/* End PBXNativeTarget section */

/* Begin PBXProject section */
		2F5815601C0B86B1005EE900 /* Project object */ = {
			isa = PBXProject;
			attributes = {
				LastUpgradeCheck = 0700;
				ORGANIZATIONNAME = swartz;
				TargetAttributes = {
					2F5815671C0B86B1005EE900 = {
						CreatedOnToolsVersion = 7.0.1;
						DevelopmentTeam = Z92FM33FR5;
					};
				};
			};
			buildConfigurationList = 2F5815631C0B86B1005EE900 /* Build configuration list for PBXProject "Working With Audio" */;
			compatibilityVersion = "Xcode 3.2";
			developmentRegion = English;
			hasScannedForEncodings = 0;
			knownRegions = (
				en,
				Base,
			);
			mainGroup = 2F58155F1C0B86B1005EE900;
			productRefGroup = 2F5815691C0B86B1005EE900 /* Products */;
			projectDirPath = "";
			projectRoot = "";
			targets = (
				2F5815671C0B86B1005EE900 /* Working With Audio */,
			);
		};
/* End PBXProject section */

/* Begin PBXResourcesBuildPhase section */
		2F5815661C0B86B1005EE900 /* Resources */ = {
			isa = PBXResourcesBuildPhase;
			buildActionMask = 2147483647;
			files = (
				2F5815761C0B86B2005EE900 /* LaunchScreen.storyboard in Resources */,
				2F5815731C0B86B2005EE900 /* Assets.xcassets in Resources */,
				2F5815711C0B86B2005EE900 /* Main.storyboard in Resources */,
				2F58157E1C0B86CA005EE900 /* FMLYBND- Letting Go.mp3 in Resources */,
			);
			runOnlyForDeploymentPostprocessing = 0;
		};
/* End PBXResourcesBuildPhase section */

/* Begin PBXSourcesBuildPhase section */
		2F5815641C0B86B1005EE900 /* Sources */ = {
			isa = PBXSourcesBuildPhase;
			buildActionMask = 2147483647;
			files = (
				2F58156E1C0B86B2005EE900 /* ViewController.swift in Sources */,
				2F58156C1C0B86B2005EE900 /* AppDelegate.swift in Sources */,
			);
			runOnlyForDeploymentPostprocessing = 0;
		};
/* End PBXSourcesBuildPhase section */

/* Begin PBXVariantGroup section */
		2F58156F1C0B86B2005EE900 /* Main.storyboard */ = {
			isa = PBXVariantGroup;
			children = (
				2F5815701C0B86B2005EE900 /* Base */,
			);
			name = Main.storyboard;
			sourceTree = "<group>";
		};
		2F5815741C0B86B2005EE900 /* LaunchScreen.storyboard */ = {
			isa = PBXVariantGroup;
			children = (
				2F5815751C0B86B2005EE900 /* Base */,
			);
			name = LaunchScreen.storyboard;
			sourceTree = "<group>";
		};
/* End PBXVariantGroup section */

/* Begin XCBuildConfiguration section */
		2F5815781C0B86B2005EE900 /* Debug */ = {
			isa = XCBuildConfiguration;
			buildSettings = {
				ALWAYS_SEARCH_USER_PATHS = NO;
				CLANG_CXX_LANGUAGE_STANDARD = "gnu++0x";
				CLANG_CXX_LIBRARY = "libc++";
				CLANG_ENABLE_MODULES = YES;
				CLANG_ENABLE_OBJC_ARC = YES;
				CLANG_WARN_BOOL_CONVERSION = YES;
				CLANG_WARN_CONSTANT_CONVERSION = YES;
				CLANG_WARN_DIRECT_OBJC_ISA_USAGE = YES_ERROR;
				CLANG_WARN_EMPTY_BODY = YES;
				CLANG_WARN_ENUM_CONVERSION = YES;
				CLANG_WARN_INT_CONVERSION = YES;
				CLANG_WARN_OBJC_ROOT_CLASS = YES_ERROR;
				CLANG_WARN_UNREACHABLE_CODE = YES;
				CLANG_WARN__DUPLICATE_METHOD_MATCH = YES;
				"CODE_SIGN_IDENTITY[sdk=iphoneos*]" = "iPhone Developer";
				COPY_PHASE_STRIP = NO;
				DEBUG_INFORMATION_FORMAT = dwarf;
				ENABLE_STRICT_OBJC_MSGSEND = YES;
				ENABLE_TESTABILITY = YES;
				GCC_C_LANGUAGE_STANDARD = gnu99;
				GCC_DYNAMIC_NO_PIC = NO;
				GCC_NO_COMMON_BLOCKS = YES;
				GCC_OPTIMIZATION_LEVEL = 0;
				GCC_PREPROCESSOR_DEFINITIONS = (
					"DEBUG=1",
					"$(inherited)",
				);
				GCC_WARN_64_TO_32_BIT_CONVERSION = YES;
				GCC_WARN_ABOUT_RETURN_TYPE = YES_ERROR;
				GCC_WARN_UNDECLARED_SELECTOR = YES;
				GCC_WARN_UNINITIALIZED_AUTOS = YES_AGGRESSIVE;
				GCC_WARN_UNUSED_FUNCTION = YES;
				GCC_WARN_UNUSED_VARIABLE = YES;
				IPHONEOS_DEPLOYMENT_TARGET = 9.0;
				MTL_ENABLE_DEBUG_INFO = YES;
				ONLY_ACTIVE_ARCH = YES;
				SDKROOT = iphoneos;
				SWIFT_OPTIMIZATION_LEVEL = "-Onone";
			};
			name = Debug;
		};
		2F5815791C0B86B2005EE900 /* Release */ = {
			isa = XCBuildConfiguration;
			buildSettings = {
				ALWAYS_SEARCH_USER_PATHS = NO;
				CLANG_CXX_LANGUAGE_STANDARD = "gnu++0x";
				CLANG_CXX_LIBRARY = "libc++";
				CLANG_ENABLE_MODULES = YES;
				CLANG_ENABLE_OBJC_ARC = YES;
				CLANG_WARN_BOOL_CONVERSION = YES;
				CLANG_WARN_CONSTANT_CONVERSION = YES;
				CLANG_WARN_DIRECT_OBJC_ISA_USAGE = YES_ERROR;
				CLANG_WARN_EMPTY_BODY = YES;
				CLANG_WARN_ENUM_CONVERSION = YES;
				CLANG_WARN_INT_CONVERSION = YES;
				CLANG_WARN_OBJC_ROOT_CLASS = YES_ERROR;
				CLANG_WARN_UNREACHABLE_CODE = YES;
				CLANG_WARN__DUPLICATE_METHOD_MATCH = YES;
				"CODE_SIGN_IDENTITY[sdk=iphoneos*]" = "iPhone Developer";
				COPY_PHASE_STRIP = NO;
				DEBUG_INFORMATION_FORMAT = "dwarf-with-dsym";
				ENABLE_NS_ASSERTIONS = NO;
				ENABLE_STRICT_OBJC_MSGSEND = YES;
				GCC_C_LANGUAGE_STANDARD = gnu99;
				GCC_NO_COMMON_BLOCKS = YES;
				GCC_WARN_64_TO_32_BIT_CONVERSION = YES;
				GCC_WARN_ABOUT_RETURN_TYPE = YES_ERROR;
				GCC_WARN_UNDECLARED_SELECTOR = YES;
				GCC_WARN_UNINITIALIZED_AUTOS = YES_AGGRESSIVE;
				GCC_WARN_UNUSED_FUNCTION = YES;
				GCC_WARN_UNUSED_VARIABLE = YES;
				IPHONEOS_DEPLOYMENT_TARGET = 9.0;
				MTL_ENABLE_DEBUG_INFO = NO;
				SDKROOT = iphoneos;
				VALIDATE_PRODUCT = YES;
			};
			name = Release;
		};
		2F58157B1C0B86B2005EE900 /* Debug */ = {
			isa = XCBuildConfiguration;
			buildSettings = {
				ASSETCATALOG_COMPILER_APPICON_NAME = AppIcon;
				INFOPLIST_FILE = "Working With Audio/Info.plist";
				LD_RUNPATH_SEARCH_PATHS = "$(inherited) @executable_path/Frameworks";
				PRODUCT_BUNDLE_IDENTIFIER = "cc.swartz.Working-With-Audio";
				PRODUCT_NAME = "$(TARGET_NAME)";
			};
			name = Debug;
		};
		2F58157C1C0B86B2005EE900 /* Release */ = {
			isa = XCBuildConfiguration;
			buildSettings = {
				ASSETCATALOG_COMPILER_APPICON_NAME = AppIcon;
				INFOPLIST_FILE = "Working With Audio/Info.plist";
				LD_RUNPATH_SEARCH_PATHS = "$(inherited) @executable_path/Frameworks";
				PRODUCT_BUNDLE_IDENTIFIER = "cc.swartz.Working-With-Audio";
				PRODUCT_NAME = "$(TARGET_NAME)";
			};
			name = Release;
		};
/* End XCBuildConfiguration section */

/* Begin XCConfigurationList section */
		2F5815631C0B86B1005EE900 /* Build configuration list for PBXProject "Working With Audio" */ = {
			isa = XCConfigurationList;
			buildConfigurations = (
				2F5815781C0B86B2005EE900 /* Debug */,
				2F5815791C0B86B2005EE900 /* Release */,
			);
			defaultConfigurationIsVisible = 0;
			defaultConfigurationName = Release;
		};
		2F58157A1C0B86B2005EE900 /* Build configuration list for PBXNativeTarget "Working With Audio" */ = {
			isa = XCConfigurationList;
			buildConfigurations = (
				2F58157B1C0B86B2005EE900 /* Debug */,
				2F58157C1C0B86B2005EE900 /* Release */,
			);
			defaultConfigurationIsVisible = 0;
		};
/* End XCConfigurationList section */
	};
	rootObject = 2F5815601C0B86B1005EE900 /* Project object */;
}
