// !$*UTF8*$!
{
	archiveVersion = 1;
	classes = {
	};
	objectVersion = 46;
	objects = {

/* Begin PBXBuildFile section */
		2F85F7721C0DE8BE0094B45D /* AppDelegate.swift in Sources */ = {isa = PBXBuildFile; fileRef = 2F85F7711C0DE8BE0094B45D /* AppDelegate.swift */; };
		2F85F7741C0DE8BE0094B45D /* ViewController.swift in Sources */ = {isa = PBXBuildFile; fileRef = 2F85F7731C0DE8BE0094B45D /* ViewController.swift */; };
		2F85F7771C0DE8BE0094B45D /* Main.storyboard in Resources */ = {isa = PBXBuildFile; fileRef = 2F85F7751C0DE8BE0094B45D /* Main.storyboard */; };
		2F85F7791C0DE8BE0094B45D /* Assets.xcassets in Resources */ = {isa = PBXBuildFile; fileRef = 2F85F7781C0DE8BE0094B45D /* Assets.xcassets */; };
		2F85F77C1C0DE8BE0094B45D /* LaunchScreen.storyboard in Resources */ = {isa = PBXBuildFile; fileRef = 2F85F77A1C0DE8BE0094B45D /* LaunchScreen.storyboard */; };
/* End PBXBuildFile section */

/* Begin PBXFileReference section */
		2F85F76E1C0DE8BE0094B45D /* JSON Example.app */ = {isa = PBXFileReference; explicitFileType = wrapper.application; includeInIndex = 0; path = "JSON Example.app"; sourceTree = BUILT_PRODUCTS_DIR; };
		2F85F7711C0DE8BE0094B45D /* AppDelegate.swift */ = {isa = PBXFileReference; lastKnownFileType = sourcecode.swift; path = AppDelegate.swift; sourceTree = "<group>"; };
		2F85F7731C0DE8BE0094B45D /* ViewController.swift */ = {isa = PBXFileReference; lastKnownFileType = sourcecode.swift; path = ViewController.swift; sourceTree = "<group>"; };
		2F85F7761C0DE8BE0094B45D /* Base */ = {isa = PBXFileReference; lastKnownFileType = file.storyboard; name = Base; path = Base.lproj/Main.storyboard; sourceTree = "<group>"; };
		2F85F7781C0DE8BE0094B45D /* Assets.xcassets */ = {isa = PBXFileReference; lastKnownFileType = folder.assetcatalog; path = Assets.xcassets; sourceTree = "<group>"; };
		2F85F77B1C0DE8BE0094B45D /* Base */ = {isa = PBXFileReference; lastKnownFileType = file.storyboard; name = Base; path = Base.lproj/LaunchScreen.storyboard; sourceTree = "<group>"; };
		2F85F77D1C0DE8BE0094B45D /* Info.plist */ = {isa = PBXFileReference; lastKnownFileType = text.plist.xml; path = Info.plist; sourceTree = "<group>"; };
/* End PBXFileReference section */

/* Begin PBXFrameworksBuildPhase section */
		2F85F76B1C0DE8BE0094B45D /* Frameworks */ = {
			isa = PBXFrameworksBuildPhase;
			buildActionMask = 2147483647;
			files = (
			);
			runOnlyForDeploymentPostprocessing = 0;
		};
/* End PBXFrameworksBuildPhase section */

/* Begin PBXGroup section */
		2F85F7651C0DE8BE0094B45D = {
			isa = PBXGroup;
			children = (
				2F85F7701C0DE8BE0094B45D /* JSON Example */,
				2F85F76F1C0DE8BE0094B45D /* Products */,
			);
			sourceTree = "<group>";
		};
		2F85F76F1C0DE8BE0094B45D /* Products */ = {
			isa = PBXGroup;
			children = (
				2F85F76E1C0DE8BE0094B45D /* JSON Example.app */,
			);
			name = Products;
			sourceTree = "<group>";
		};
		2F85F7701C0DE8BE0094B45D /* JSON Example */ = {
			isa = PBXGroup;
			children = (
				2F85F7711C0DE8BE0094B45D /* AppDelegate.swift */,
				2F85F7731C0DE8BE0094B45D /* ViewController.swift */,
				2F85F7751C0DE8BE0094B45D /* Main.storyboard */,
				2F85F7781C0DE8BE0094B45D /* Assets.xcassets */,
				2F85F77A1C0DE8BE0094B45D /* LaunchScreen.storyboard */,
				2F85F77D1C0DE8BE0094B45D /* Info.plist */,
			);
			path = "JSON Example";
			sourceTree = "<group>";
		};
/* End PBXGroup section */

/* Begin PBXNativeTarget section */
		2F85F76D1C0DE8BE0094B45D /* JSON Example */ = {
			isa = PBXNativeTarget;
			buildConfigurationList = 2F85F7801C0DE8BE0094B45D /* Build configuration list for PBXNativeTarget "JSON Example" */;
			buildPhases = (
				2F85F76A1C0DE8BE0094B45D /* Sources */,
				2F85F76B1C0DE8BE0094B45D /* Frameworks */,
				2F85F76C1C0DE8BE0094B45D /* Resources */,
			);
			buildRules = (
			);
			dependencies = (
			);
			name = "JSON Example";
			productName = "JSON Example";
			productReference = 2F85F76E1C0DE8BE0094B45D /* JSON Example.app */;
			productType = "com.apple.product-type.application";
		};
/* End PBXNativeTarget section */

/* Begin PBXProject section */
		2F85F7661C0DE8BE0094B45D /* Project object */ = {
			isa = PBXProject;
			attributes = {
				LastUpgradeCheck = 0700;
				ORGANIZATIONNAME = swartz;
				TargetAttributes = {
					2F85F76D1C0DE8BE0094B45D = {
						CreatedOnToolsVersion = 7.0.1;
						DevelopmentTeam = Z92FM33FR5;
					};
				};
			};
			buildConfigurationList = 2F85F7691C0DE8BE0094B45D /* Build configuration list for PBXProject "JSON Example" */;
			compatibilityVersion = "Xcode 3.2";
			developmentRegion = English;
			hasScannedForEncodings = 0;
			knownRegions = (
				en,
				Base,
			);
			mainGroup = 2F85F7651C0DE8BE0094B45D;
			productRefGroup = 2F85F76F1C0DE8BE0094B45D /* Products */;
			projectDirPath = "";
			projectRoot = "";
			targets = (
				2F85F76D1C0DE8BE0094B45D /* JSON Example */,
			);
		};
/* End PBXProject section */

/* Begin PBXResourcesBuildPhase section */
		2F85F76C1C0DE8BE0094B45D /* Resources */ = {
			isa = PBXResourcesBuildPhase;
			buildActionMask = 2147483647;
			files = (
				2F85F77C1C0DE8BE0094B45D /* LaunchScreen.storyboard in Resources */,
				2F85F7791C0DE8BE0094B45D /* Assets.xcassets in Resources */,
				2F85F7771C0DE8BE0094B45D /* Main.storyboard in Resources */,
			);
			runOnlyForDeploymentPostprocessing = 0;
		};
/* End PBXResourcesBuildPhase section */

/* Begin PBXSourcesBuildPhase section */
		2F85F76A1C0DE8BE0094B45D /* Sources */ = {
			isa = PBXSourcesBuildPhase;
			buildActionMask = 2147483647;
			files = (
				2F85F7741C0DE8BE0094B45D /* ViewController.swift in Sources */,
				2F85F7721C0DE8BE0094B45D /* AppDelegate.swift in Sources */,
			);
			runOnlyForDeploymentPostprocessing = 0;
		};
/* End PBXSourcesBuildPhase section */

/* Begin PBXVariantGroup section */
		2F85F7751C0DE8BE0094B45D /* Main.storyboard */ = {
			isa = PBXVariantGroup;
			children = (
				2F85F7761C0DE8BE0094B45D /* Base */,
			);
			name = Main.storyboard;
			sourceTree = "<group>";
		};
		2F85F77A1C0DE8BE0094B45D /* LaunchScreen.storyboard */ = {
			isa = PBXVariantGroup;
			children = (
				2F85F77B1C0DE8BE0094B45D /* Base */,
			);
			name = LaunchScreen.storyboard;
			sourceTree = "<group>";
		};
/* End PBXVariantGroup section */

/* Begin XCBuildConfiguration section */
		2F85F77E1C0DE8BE0094B45D /* Debug */ = {
			isa = XCBuildConfiguration;
			buildSettings = {
				ALWAYS_SEARCH_USER_PATHS = NO;
				CLANG_CXX_LANGUAGE_STANDARD = "gnu++0x";
				CLANG_CXX_LIBRARY = "libc++";
				CLANG_ENABLE_MODULES = YES;
				CLANG_ENABLE_OBJC_ARC = YES;
				CLANG_WARN_BOOL_CONVERSION = YES;
				CLANG_WARN_CONSTANT_CONVERSION = YES;
				CLANG_WARN_DIRECT_OBJC_ISA_USAGE = YES_ERROR;
				CLANG_WARN_EMPTY_BODY = YES;
				CLANG_WARN_ENUM_CONVERSION = YES;
				CLANG_WARN_INT_CONVERSION = YES;
				CLANG_WARN_OBJC_ROOT_CLASS = YES_ERROR;
				CLANG_WARN_UNREACHABLE_CODE = YES;
				CLANG_WARN__DUPLICATE_METHOD_MATCH = YES;
				"CODE_SIGN_IDENTITY[sdk=iphoneos*]" = "iPhone Developer";
				COPY_PHASE_STRIP = NO;
				DEBUG_INFORMATION_FORMAT = dwarf;
				ENABLE_STRICT_OBJC_MSGSEND = YES;
				ENABLE_TESTABILITY = YES;
				GCC_C_LANGUAGE_STANDARD = gnu99;
				GCC_DYNAMIC_NO_PIC = NO;
				GCC_NO_COMMON_BLOCKS = YES;
				GCC_OPTIMIZATION_LEVEL = 0;
				GCC_PREPROCESSOR_DEFINITIONS = (
					"DEBUG=1",
					"$(inherited)",
				);
				GCC_WARN_64_TO_32_BIT_CONVERSION = YES;
				GCC_WARN_ABOUT_RETURN_TYPE = YES_ERROR;
				GCC_WARN_UNDECLARED_SELECTOR = YES;
				GCC_WARN_UNINITIALIZED_AUTOS = YES_AGGRESSIVE;
				GCC_WARN_UNUSED_FUNCTION = YES;
				GCC_WARN_UNUSED_VARIABLE = YES;
				IPHONEOS_DEPLOYMENT_TARGET = 9.0;
				MTL_ENABLE_DEBUG_INFO = YES;
				ONLY_ACTIVE_ARCH = YES;
				SDKROOT = iphoneos;
				SWIFT_OPTIMIZATION_LEVEL = "-Onone";
			};
			name = Debug;
		};
		2F85F77F1C0DE8BE0094B45D /* Release */ = {
			isa = XCBuildConfiguration;
			buildSettings = {
				ALWAYS_SEARCH_USER_PATHS = NO;
				CLANG_CXX_LANGUAGE_STANDARD = "gnu++0x";
				CLANG_CXX_LIBRARY = "libc++";
				CLANG_ENABLE_MODULES = YES;
				CLANG_ENABLE_OBJC_ARC = YES;
				CLANG_WARN_BOOL_CONVERSION = YES;
				CLANG_WARN_CONSTANT_CONVERSION = YES;
				CLANG_WARN_DIRECT_OBJC_ISA_USAGE = YES_ERROR;
				CLANG_WARN_EMPTY_BODY = YES;
				CLANG_WARN_ENUM_CONVERSION = YES;
				CLANG_WARN_INT_CONVERSION = YES;
				CLANG_WARN_OBJC_ROOT_CLASS = YES_ERROR;
				CLANG_WARN_UNREACHABLE_CODE = YES;
				CLANG_WARN__DUPLICATE_METHOD_MATCH = YES;
				"CODE_SIGN_IDENTITY[sdk=iphoneos*]" = "iPhone Developer";
				COPY_PHASE_STRIP = NO;
				DEBUG_INFORMATION_FORMAT = "dwarf-with-dsym";
				ENABLE_NS_ASSERTIONS = NO;
				ENABLE_STRICT_OBJC_MSGSEND = YES;
				GCC_C_LANGUAGE_STANDARD = gnu99;
				GCC_NO_COMMON_BLOCKS = YES;
				GCC_WARN_64_TO_32_BIT_CONVERSION = YES;
				GCC_WARN_ABOUT_RETURN_TYPE = YES_ERROR;
				GCC_WARN_UNDECLARED_SELECTOR = YES;
				GCC_WARN_UNINITIALIZED_AUTOS = YES_AGGRESSIVE;
				GCC_WARN_UNUSED_FUNCTION = YES;
				GCC_WARN_UNUSED_VARIABLE = YES;
				IPHONEOS_DEPLOYMENT_TARGET = 9.0;
				MTL_ENABLE_DEBUG_INFO = NO;
				SDKROOT = iphoneos;
				VALIDATE_PRODUCT = YES;
			};
			name = Release;
		};
		2F85F7811C0DE8BE0094B45D /* Debug */ = {
			isa = XCBuildConfiguration;
			buildSettings = {
				ASSETCATALOG_COMPILER_APPICON_NAME = AppIcon;
				INFOPLIST_FILE = "JSON Example/Info.plist";
				LD_RUNPATH_SEARCH_PATHS = "$(inherited) @executable_path/Frameworks";
				PRODUCT_BUNDLE_IDENTIFIER = "cc.swartz.JSON-Example";
				PRODUCT_NAME = "$(TARGET_NAME)";
			};
			name = Debug;
		};
		2F85F7821C0DE8BE0094B45D /* Release */ = {
			isa = XCBuildConfiguration;
			buildSettings = {
				ASSETCATALOG_COMPILER_APPICON_NAME = AppIcon;
				INFOPLIST_FILE = "JSON Example/Info.plist";
				LD_RUNPATH_SEARCH_PATHS = "$(inherited) @executable_path/Frameworks";
				PRODUCT_BUNDLE_IDENTIFIER = "cc.swartz.JSON-Example";
				PRODUCT_NAME = "$(TARGET_NAME)";
			};
			name = Release;
		};
/* End XCBuildConfiguration section */

/* Begin XCConfigurationList section */
		2F85F7691C0DE8BE0094B45D /* Build configuration list for PBXProject "JSON Example" */ = {
			isa = XCConfigurationList;
			buildConfigurations = (
				2F85F77E1C0DE8BE0094B45D /* Debug */,
				2F85F77F1C0DE8BE0094B45D /* Release */,
			);
			defaultConfigurationIsVisible = 0;
			defaultConfigurationName = Release;
		};
		2F85F7801C0DE8BE0094B45D /* Build configuration list for PBXNativeTarget "JSON Example" */ = {
			isa = XCConfigurationList;
			buildConfigurations = (
				2F85F7811C0DE8BE0094B45D /* Debug */,
				2F85F7821C0DE8BE0094B45D /* Release */,
			);
			defaultConfigurationIsVisible = 0;
		};
/* End XCConfigurationList section */
	};
	rootObject = 2F85F7661C0DE8BE0094B45D /* Project object */;
}
