// !$*UTF8*$!
{
	archiveVersion = 1;
	classes = {
	};
	objectVersion = 46;
	objects = {

/* Begin PBXBuildFile section */
		2F6AA2DC1BD43B6B00CDA698 /* AppDelegate.swift in Sources */ = {isa = PBXBuildFile; fileRef = 2F6AA2DB1BD43B6B00CDA698 /* AppDelegate.swift */; };
		2F6AA2DE1BD43B6B00CDA698 /* ViewController.swift in Sources */ = {isa = PBXBuildFile; fileRef = 2F6AA2DD1BD43B6B00CDA698 /* ViewController.swift */; };
		2F6AA2E11BD43B6B00CDA698 /* Main.storyboard in Resources */ = {isa = PBXBuildFile; fileRef = 2F6AA2DF1BD43B6B00CDA698 /* Main.storyboard */; };
		2F6AA2E31BD43B6B00CDA698 /* Assets.xcassets in Resources */ = {isa = PBXBuildFile; fileRef = 2F6AA2E21BD43B6B00CDA698 /* Assets.xcassets */; };
		2F6AA2E61BD43B6B00CDA698 /* LaunchScreen.storyboard in Resources */ = {isa = PBXBuildFile; fileRef = 2F6AA2E41BD43B6B00CDA698 /* LaunchScreen.storyboard */; };
/* End PBXBuildFile section */

/* Begin PBXFileReference section */
		2F6AA2D81BD43B6B00CDA698 /* NavBar.app */ = {isa = PBXFileReference; explicitFileType = wrapper.application; includeInIndex = 0; path = NavBar.app; sourceTree = BUILT_PRODUCTS_DIR; };
		2F6AA2DB1BD43B6B00CDA698 /* AppDelegate.swift */ = {isa = PBXFileReference; lastKnownFileType = sourcecode.swift; path = AppDelegate.swift; sourceTree = "<group>"; };
		2F6AA2DD1BD43B6B00CDA698 /* ViewController.swift */ = {isa = PBXFileReference; lastKnownFileType = sourcecode.swift; path = ViewController.swift; sourceTree = "<group>"; };
		2F6AA2E01BD43B6B00CDA698 /* Base */ = {isa = PBXFileReference; lastKnownFileType = file.storyboard; name = Base; path = Base.lproj/Main.storyboard; sourceTree = "<group>"; };
		2F6AA2E21BD43B6B00CDA698 /* Assets.xcassets */ = {isa = PBXFileReference; lastKnownFileType = folder.assetcatalog; path = Assets.xcassets; sourceTree = "<group>"; };
		2F6AA2E51BD43B6B00CDA698 /* Base */ = {isa = PBXFileReference; lastKnownFileType = file.storyboard; name = Base; path = Base.lproj/LaunchScreen.storyboard; sourceTree = "<group>"; };
		2F6AA2E71BD43B6B00CDA698 /* Info.plist */ = {isa = PBXFileReference; lastKnownFileType = text.plist.xml; path = Info.plist; sourceTree = "<group>"; };
/* End PBXFileReference section */

/* Begin PBXFrameworksBuildPhase section */
		2F6AA2D51BD43B6B00CDA698 /* Frameworks */ = {
			isa = PBXFrameworksBuildPhase;
			buildActionMask = 2147483647;
			files = (
			);
			runOnlyForDeploymentPostprocessing = 0;
		};
/* End PBXFrameworksBuildPhase section */

/* Begin PBXGroup section */
		2F6AA2CF1BD43B6A00CDA698 = {
			isa = PBXGroup;
			children = (
				2F6AA2DA1BD43B6B00CDA698 /* NavBar */,
				2F6AA2D91BD43B6B00CDA698 /* Products */,
			);
			sourceTree = "<group>";
		};
		2F6AA2D91BD43B6B00CDA698 /* Products */ = {
			isa = PBXGroup;
			children = (
				2F6AA2D81BD43B6B00CDA698 /* NavBar.app */,
			);
			name = Products;
			sourceTree = "<group>";
		};
		2F6AA2DA1BD43B6B00CDA698 /* NavBar */ = {
			isa = PBXGroup;
			children = (
				2F6AA2DB1BD43B6B00CDA698 /* AppDelegate.swift */,
				2F6AA2DD1BD43B6B00CDA698 /* ViewController.swift */,
				2F6AA2DF1BD43B6B00CDA698 /* Main.storyboard */,
				2F6AA2E21BD43B6B00CDA698 /* Assets.xcassets */,
				2F6AA2E41BD43B6B00CDA698 /* LaunchScreen.storyboard */,
				2F6AA2E71BD43B6B00CDA698 /* Info.plist */,
			);
			path = NavBar;
			sourceTree = "<group>";
		};
/* End PBXGroup section */

/* Begin PBXNativeTarget section */
		2F6AA2D71BD43B6B00CDA698 /* NavBar */ = {
			isa = PBXNativeTarget;
			buildConfigurationList = 2F6AA2EA1BD43B6B00CDA698 /* Build configuration list for PBXNativeTarget "NavBar" */;
			buildPhases = (
				2F6AA2D41BD43B6B00CDA698 /* Sources */,
				2F6AA2D51BD43B6B00CDA698 /* Frameworks */,
				2F6AA2D61BD43B6B00CDA698 /* Resources */,
			);
			buildRules = (
			);
			dependencies = (
			);
			name = NavBar;
			productName = NavBar;
			productReference = 2F6AA2D81BD43B6B00CDA698 /* NavBar.app */;
			productType = "com.apple.product-type.application";
		};
/* End PBXNativeTarget section */

/* Begin PBXProject section */
		2F6AA2D01BD43B6A00CDA698 /* Project object */ = {
			isa = PBXProject;
			attributes = {
				LastUpgradeCheck = 0700;
				ORGANIZATIONNAME = swartz;
				TargetAttributes = {
					2F6AA2D71BD43B6B00CDA698 = {
						CreatedOnToolsVersion = 7.0.1;
						DevelopmentTeam = Z92FM33FR5;
					};
				};
			};
			buildConfigurationList = 2F6AA2D31BD43B6A00CDA698 /* Build configuration list for PBXProject "NavBar" */;
			compatibilityVersion = "Xcode 3.2";
			developmentRegion = English;
			hasScannedForEncodings = 0;
			knownRegions = (
				en,
				Base,
			);
			mainGroup = 2F6AA2CF1BD43B6A00CDA698;
			productRefGroup = 2F6AA2D91BD43B6B00CDA698 /* Products */;
			projectDirPath = "";
			projectRoot = "";
			targets = (
				2F6AA2D71BD43B6B00CDA698 /* NavBar */,
			);
		};
/* End PBXProject section */

/* Begin PBXResourcesBuildPhase section */
		2F6AA2D61BD43B6B00CDA698 /* Resources */ = {
			isa = PBXResourcesBuildPhase;
			buildActionMask = 2147483647;
			files = (
				2F6AA2E61BD43B6B00CDA698 /* LaunchScreen.storyboard in Resources */,
				2F6AA2E31BD43B6B00CDA698 /* Assets.xcassets in Resources */,
				2F6AA2E11BD43B6B00CDA698 /* Main.storyboard in Resources */,
			);
			runOnlyForDeploymentPostprocessing = 0;
		};
/* End PBXResourcesBuildPhase section */

/* Begin PBXSourcesBuildPhase section */
		2F6AA2D41BD43B6B00CDA698 /* Sources */ = {
			isa = PBXSourcesBuildPhase;
			buildActionMask = 2147483647;
			files = (
				2F6AA2DE1BD43B6B00CDA698 /* ViewController.swift in Sources */,
				2F6AA2DC1BD43B6B00CDA698 /* AppDelegate.swift in Sources */,
			);
			runOnlyForDeploymentPostprocessing = 0;
		};
/* End PBXSourcesBuildPhase section */

/* Begin PBXVariantGroup section */
		2F6AA2DF1BD43B6B00CDA698 /* Main.storyboard */ = {
			isa = PBXVariantGroup;
			children = (
				2F6AA2E01BD43B6B00CDA698 /* Base */,
			);
			name = Main.storyboard;
			sourceTree = "<group>";
		};
		2F6AA2E41BD43B6B00CDA698 /* LaunchScreen.storyboard */ = {
			isa = PBXVariantGroup;
			children = (
				2F6AA2E51BD43B6B00CDA698 /* Base */,
			);
			name = LaunchScreen.storyboard;
			sourceTree = "<group>";
		};
/* End PBXVariantGroup section */

/* Begin XCBuildConfiguration section */
		2F6AA2E81BD43B6B00CDA698 /* Debug */ = {
			isa = XCBuildConfiguration;
			buildSettings = {
				ALWAYS_SEARCH_USER_PATHS = NO;
				CLANG_CXX_LANGUAGE_STANDARD = "gnu++0x";
				CLANG_CXX_LIBRARY = "libc++";
				CLANG_ENABLE_MODULES = YES;
				CLANG_ENABLE_OBJC_ARC = YES;
				CLANG_WARN_BOOL_CONVERSION = YES;
				CLANG_WARN_CONSTANT_CONVERSION = YES;
				CLANG_WARN_DIRECT_OBJC_ISA_USAGE = YES_ERROR;
				CLANG_WARN_EMPTY_BODY = YES;
				CLANG_WARN_ENUM_CONVERSION = YES;
				CLANG_WARN_INT_CONVERSION = YES;
				CLANG_WARN_OBJC_ROOT_CLASS = YES_ERROR;
				CLANG_WARN_UNREACHABLE_CODE = YES;
				CLANG_WARN__DUPLICATE_METHOD_MATCH = YES;
				"CODE_SIGN_IDENTITY[sdk=iphoneos*]" = "iPhone Developer";
				COPY_PHASE_STRIP = NO;
				DEBUG_INFORMATION_FORMAT = dwarf;
				ENABLE_STRICT_OBJC_MSGSEND = YES;
				ENABLE_TESTABILITY = YES;
				GCC_C_LANGUAGE_STANDARD = gnu99;
				GCC_DYNAMIC_NO_PIC = NO;
				GCC_NO_COMMON_BLOCKS = YES;
				GCC_OPTIMIZATION_LEVEL = 0;
				GCC_PREPROCESSOR_DEFINITIONS = (
					"DEBUG=1",
					"$(inherited)",
				);
				GCC_WARN_64_TO_32_BIT_CONVERSION = YES;
				GCC_WARN_ABOUT_RETURN_TYPE = YES_ERROR;
				GCC_WARN_UNDECLARED_SELECTOR = YES;
				GCC_WARN_UNINITIALIZED_AUTOS = YES_AGGRESSIVE;
				GCC_WARN_UNUSED_FUNCTION = YES;
				GCC_WARN_UNUSED_VARIABLE = YES;
				IPHONEOS_DEPLOYMENT_TARGET = 9.0;
				MTL_ENABLE_DEBUG_INFO = YES;
				ONLY_ACTIVE_ARCH = YES;
				SDKROOT = iphoneos;
				SWIFT_OPTIMIZATION_LEVEL = "-Onone";
			};
			name = Debug;
		};
		2F6AA2E91BD43B6B00CDA698 /* Release */ = {
			isa = XCBuildConfiguration;
			buildSettings = {
				ALWAYS_SEARCH_USER_PATHS = NO;
				CLANG_CXX_LANGUAGE_STANDARD = "gnu++0x";
				CLANG_CXX_LIBRARY = "libc++";
				CLANG_ENABLE_MODULES = YES;
				CLANG_ENABLE_OBJC_ARC = YES;
				CLANG_WARN_BOOL_CONVERSION = YES;
				CLANG_WARN_CONSTANT_CONVERSION = YES;
				CLANG_WARN_DIRECT_OBJC_ISA_USAGE = YES_ERROR;
				CLANG_WARN_EMPTY_BODY = YES;
				CLANG_WARN_ENUM_CONVERSION = YES;
				CLANG_WARN_INT_CONVERSION = YES;
				CLANG_WARN_OBJC_ROOT_CLASS = YES_ERROR;
				CLANG_WARN_UNREACHABLE_CODE = YES;
				CLANG_WARN__DUPLICATE_METHOD_MATCH = YES;
				"CODE_SIGN_IDENTITY[sdk=iphoneos*]" = "iPhone Developer";
				COPY_PHASE_STRIP = NO;
				DEBUG_INFORMATION_FORMAT = "dwarf-with-dsym";
				ENABLE_NS_ASSERTIONS = NO;
				ENABLE_STRICT_OBJC_MSGSEND = YES;
				GCC_C_LANGUAGE_STANDARD = gnu99;
				GCC_NO_COMMON_BLOCKS = YES;
				GCC_WARN_64_TO_32_BIT_CONVERSION = YES;
				GCC_WARN_ABOUT_RETURN_TYPE = YES_ERROR;
				GCC_WARN_UNDECLARED_SELECTOR = YES;
				GCC_WARN_UNINITIALIZED_AUTOS = YES_AGGRESSIVE;
				GCC_WARN_UNUSED_FUNCTION = YES;
				GCC_WARN_UNUSED_VARIABLE = YES;
				IPHONEOS_DEPLOYMENT_TARGET = 9.0;
				MTL_ENABLE_DEBUG_INFO = NO;
				SDKROOT = iphoneos;
				VALIDATE_PRODUCT = YES;
			};
			name = Release;
		};
		2F6AA2EB1BD43B6B00CDA698 /* Debug */ = {
			isa = XCBuildConfiguration;
			buildSettings = {
				ASSETCATALOG_COMPILER_APPICON_NAME = AppIcon;
				INFOPLIST_FILE = NavBar/Info.plist;
				LD_RUNPATH_SEARCH_PATHS = "$(inherited) @executable_path/Frameworks";
				PRODUCT_BUNDLE_IDENTIFIER = cc.swartz.NavBar;
				PRODUCT_NAME = "$(TARGET_NAME)";
			};
			name = Debug;
		};
		2F6AA2EC1BD43B6B00CDA698 /* Release */ = {
			isa = XCBuildConfiguration;
			buildSettings = {
				ASSETCATALOG_COMPILER_APPICON_NAME = AppIcon;
				INFOPLIST_FILE = NavBar/Info.plist;
				LD_RUNPATH_SEARCH_PATHS = "$(inherited) @executable_path/Frameworks";
				PRODUCT_BUNDLE_IDENTIFIER = cc.swartz.NavBar;
				PRODUCT_NAME = "$(TARGET_NAME)";
			};
			name = Release;
		};
/* End XCBuildConfiguration section */

/* Begin XCConfigurationList section */
		2F6AA2D31BD43B6A00CDA698 /* Build configuration list for PBXProject "NavBar" */ = {
			isa = XCConfigurationList;
			buildConfigurations = (
				2F6AA2E81BD43B6B00CDA698 /* Debug */,
				2F6AA2E91BD43B6B00CDA698 /* Release */,
			);
			defaultConfigurationIsVisible = 0;
			defaultConfigurationName = Release;
		};
		2F6AA2EA1BD43B6B00CDA698 /* Build configuration list for PBXNativeTarget "NavBar" */ = {
			isa = XCConfigurationList;
			buildConfigurations = (
				2F6AA2EB1BD43B6B00CDA698 /* Debug */,
				2F6AA2EC1BD43B6B00CDA698 /* Release */,
			);
			defaultConfigurationIsVisible = 0;
		};
/* End XCConfigurationList section */
	};
	rootObject = 2F6AA2D01BD43B6A00CDA698 /* Project object */;
}
