// !$*UTF8*$!
{
	archiveVersion = 1;
	classes = {
	};
	objectVersion = 46;
	objects = {

/* Begin PBXBuildFile section */
		2F02BFF51BD5230000FC3213 /* AppDelegate.swift in Sources */ = {isa = PBXBuildFile; fileRef = 2F02BFF41BD5230000FC3213 /* AppDelegate.swift */; };
		2F02BFF71BD5230000FC3213 /* ViewController.swift in Sources */ = {isa = PBXBuildFile; fileRef = 2F02BFF61BD5230000FC3213 /* ViewController.swift */; };
		2F02BFFA1BD5230000FC3213 /* Main.storyboard in Resources */ = {isa = PBXBuildFile; fileRef = 2F02BFF81BD5230000FC3213 /* Main.storyboard */; };
		2F02BFFC1BD5230000FC3213 /* Assets.xcassets in Resources */ = {isa = PBXBuildFile; fileRef = 2F02BFFB1BD5230000FC3213 /* Assets.xcassets */; };
		2F02BFFF1BD5230000FC3213 /* LaunchScreen.storyboard in Resources */ = {isa = PBXBuildFile; fileRef = 2F02BFFD1BD5230000FC3213 /* LaunchScreen.storyboard */; };
/* End PBXBuildFile section */

/* Begin PBXFileReference section */
		2F02BFF11BD5230000FC3213 /* Times Tables.app */ = {isa = PBXFileReference; explicitFileType = wrapper.application; includeInIndex = 0; path = "Times Tables.app"; sourceTree = BUILT_PRODUCTS_DIR; };
		2F02BFF41BD5230000FC3213 /* AppDelegate.swift */ = {isa = PBXFileReference; lastKnownFileType = sourcecode.swift; path = AppDelegate.swift; sourceTree = "<group>"; };
		2F02BFF61BD5230000FC3213 /* ViewController.swift */ = {isa = PBXFileReference; lastKnownFileType = sourcecode.swift; path = ViewController.swift; sourceTree = "<group>"; };
		2F02BFF91BD5230000FC3213 /* Base */ = {isa = PBXFileReference; lastKnownFileType = file.storyboard; name = Base; path = Base.lproj/Main.storyboard; sourceTree = "<group>"; };
		2F02BFFB1BD5230000FC3213 /* Assets.xcassets */ = {isa = PBXFileReference; lastKnownFileType = folder.assetcatalog; path = Assets.xcassets; sourceTree = "<group>"; };
		2F02BFFE1BD5230000FC3213 /* Base */ = {isa = PBXFileReference; lastKnownFileType = file.storyboard; name = Base; path = Base.lproj/LaunchScreen.storyboard; sourceTree = "<group>"; };
		2F02C0001BD5230000FC3213 /* Info.plist */ = {isa = PBXFileReference; lastKnownFileType = text.plist.xml; path = Info.plist; sourceTree = "<group>"; };
/* End PBXFileReference section */

/* Begin PBXFrameworksBuildPhase section */
		2F02BFEE1BD5230000FC3213 /* Frameworks */ = {
			isa = PBXFrameworksBuildPhase;
			buildActionMask = 2147483647;
			files = (
			);
			runOnlyForDeploymentPostprocessing = 0;
		};
/* End PBXFrameworksBuildPhase section */

/* Begin PBXGroup section */
		2F02BFE81BD522FF00FC3213 = {
			isa = PBXGroup;
			children = (
				2F02BFF31BD5230000FC3213 /* Times Tables */,
				2F02BFF21BD5230000FC3213 /* Products */,
			);
			sourceTree = "<group>";
		};
		2F02BFF21BD5230000FC3213 /* Products */ = {
			isa = PBXGroup;
			children = (
				2F02BFF11BD5230000FC3213 /* Times Tables.app */,
			);
			name = Products;
			sourceTree = "<group>";
		};
		2F02BFF31BD5230000FC3213 /* Times Tables */ = {
			isa = PBXGroup;
			children = (
				2F02BFF41BD5230000FC3213 /* AppDelegate.swift */,
				2F02BFF61BD5230000FC3213 /* ViewController.swift */,
				2F02BFF81BD5230000FC3213 /* Main.storyboard */,
				2F02BFFB1BD5230000FC3213 /* Assets.xcassets */,
				2F02BFFD1BD5230000FC3213 /* LaunchScreen.storyboard */,
				2F02C0001BD5230000FC3213 /* Info.plist */,
			);
			path = "Times Tables";
			sourceTree = "<group>";
		};
/* End PBXGroup section */

/* Begin PBXNativeTarget section */
		2F02BFF01BD5230000FC3213 /* Times Tables */ = {
			isa = PBXNativeTarget;
			buildConfigurationList = 2F02C0031BD5230000FC3213 /* Build configuration list for PBXNativeTarget "Times Tables" */;
			buildPhases = (
				2F02BFED1BD5230000FC3213 /* Sources */,
				2F02BFEE1BD5230000FC3213 /* Frameworks */,
				2F02BFEF1BD5230000FC3213 /* Resources */,
			);
			buildRules = (
			);
			dependencies = (
			);
			name = "Times Tables";
			productName = "Times Tables";
			productReference = 2F02BFF11BD5230000FC3213 /* Times Tables.app */;
			productType = "com.apple.product-type.application";
		};
/* End PBXNativeTarget section */

/* Begin PBXProject section */
		2F02BFE91BD522FF00FC3213 /* Project object */ = {
			isa = PBXProject;
			attributes = {
				LastUpgradeCheck = 0700;
				ORGANIZATIONNAME = swartz;
				TargetAttributes = {
					2F02BFF01BD5230000FC3213 = {
						CreatedOnToolsVersion = 7.0.1;
						DevelopmentTeam = Z92FM33FR5;
					};
				};
			};
			buildConfigurationList = 2F02BFEC1BD5230000FC3213 /* Build configuration list for PBXProject "Times Tables" */;
			compatibilityVersion = "Xcode 3.2";
			developmentRegion = English;
			hasScannedForEncodings = 0;
			knownRegions = (
				en,
				Base,
			);
			mainGroup = 2F02BFE81BD522FF00FC3213;
			productRefGroup = 2F02BFF21BD5230000FC3213 /* Products */;
			projectDirPath = "";
			projectRoot = "";
			targets = (
				2F02BFF01BD5230000FC3213 /* Times Tables */,
			);
		};
/* End PBXProject section */

/* Begin PBXResourcesBuildPhase section */
		2F02BFEF1BD5230000FC3213 /* Resources */ = {
			isa = PBXResourcesBuildPhase;
			buildActionMask = 2147483647;
			files = (
				2F02BFFF1BD5230000FC3213 /* LaunchScreen.storyboard in Resources */,
				2F02BFFC1BD5230000FC3213 /* Assets.xcassets in Resources */,
				2F02BFFA1BD5230000FC3213 /* Main.storyboard in Resources */,
			);
			runOnlyForDeploymentPostprocessing = 0;
		};
/* End PBXResourcesBuildPhase section */

/* Begin PBXSourcesBuildPhase section */
		2F02BFED1BD5230000FC3213 /* Sources */ = {
			isa = PBXSourcesBuildPhase;
			buildActionMask = 2147483647;
			files = (
				2F02BFF71BD5230000FC3213 /* ViewController.swift in Sources */,
				2F02BFF51BD5230000FC3213 /* AppDelegate.swift in Sources */,
			);
			runOnlyForDeploymentPostprocessing = 0;
		};
/* End PBXSourcesBuildPhase section */

/* Begin PBXVariantGroup section */
		2F02BFF81BD5230000FC3213 /* Main.storyboard */ = {
			isa = PBXVariantGroup;
			children = (
				2F02BFF91BD5230000FC3213 /* Base */,
			);
			name = Main.storyboard;
			sourceTree = "<group>";
		};
		2F02BFFD1BD5230000FC3213 /* LaunchScreen.storyboard */ = {
			isa = PBXVariantGroup;
			children = (
				2F02BFFE1BD5230000FC3213 /* Base */,
			);
			name = LaunchScreen.storyboard;
			sourceTree = "<group>";
		};
/* End PBXVariantGroup section */

/* Begin XCBuildConfiguration section */
		2F02C0011BD5230000FC3213 /* Debug */ = {
			isa = XCBuildConfiguration;
			buildSettings = {
				ALWAYS_SEARCH_USER_PATHS = NO;
				CLANG_CXX_LANGUAGE_STANDARD = "gnu++0x";
				CLANG_CXX_LIBRARY = "libc++";
				CLANG_ENABLE_MODULES = YES;
				CLANG_ENABLE_OBJC_ARC = YES;
				CLANG_WARN_BOOL_CONVERSION = YES;
				CLANG_WARN_CONSTANT_CONVERSION = YES;
				CLANG_WARN_DIRECT_OBJC_ISA_USAGE = YES_ERROR;
				CLANG_WARN_EMPTY_BODY = YES;
				CLANG_WARN_ENUM_CONVERSION = YES;
				CLANG_WARN_INT_CONVERSION = YES;
				CLANG_WARN_OBJC_ROOT_CLASS = YES_ERROR;
				CLANG_WARN_UNREACHABLE_CODE = YES;
				CLANG_WARN__DUPLICATE_METHOD_MATCH = YES;
				"CODE_SIGN_IDENTITY[sdk=iphoneos*]" = "iPhone Developer";
				COPY_PHASE_STRIP = NO;
				DEBUG_INFORMATION_FORMAT = dwarf;
				ENABLE_STRICT_OBJC_MSGSEND = YES;
				ENABLE_TESTABILITY = YES;
				GCC_C_LANGUAGE_STANDARD = gnu99;
				GCC_DYNAMIC_NO_PIC = NO;
				GCC_NO_COMMON_BLOCKS = YES;
				GCC_OPTIMIZATION_LEVEL = 0;
				GCC_PREPROCESSOR_DEFINITIONS = (
					"DEBUG=1",
					"$(inherited)",
				);
				GCC_WARN_64_TO_32_BIT_CONVERSION = YES;
				GCC_WARN_ABOUT_RETURN_TYPE = YES_ERROR;
				GCC_WARN_UNDECLARED_SELECTOR = YES;
				GCC_WARN_UNINITIALIZED_AUTOS = YES_AGGRESSIVE;
				GCC_WARN_UNUSED_FUNCTION = YES;
				GCC_WARN_UNUSED_VARIABLE = YES;
				IPHONEOS_DEPLOYMENT_TARGET = 9.0;
				MTL_ENABLE_DEBUG_INFO = YES;
				ONLY_ACTIVE_ARCH = YES;
				SDKROOT = iphoneos;
				SWIFT_OPTIMIZATION_LEVEL = "-Onone";
			};
			name = Debug;
		};
		2F02C0021BD5230000FC3213 /* Release */ = {
			isa = XCBuildConfiguration;
			buildSettings = {
				ALWAYS_SEARCH_USER_PATHS = NO;
				CLANG_CXX_LANGUAGE_STANDARD = "gnu++0x";
				CLANG_CXX_LIBRARY = "libc++";
				CLANG_ENABLE_MODULES = YES;
				CLANG_ENABLE_OBJC_ARC = YES;
				CLANG_WARN_BOOL_CONVERSION = YES;
				CLANG_WARN_CONSTANT_CONVERSION = YES;
				CLANG_WARN_DIRECT_OBJC_ISA_USAGE = YES_ERROR;
				CLANG_WARN_EMPTY_BODY = YES;
				CLANG_WARN_ENUM_CONVERSION = YES;
				CLANG_WARN_INT_CONVERSION = YES;
				CLANG_WARN_OBJC_ROOT_CLASS = YES_ERROR;
				CLANG_WARN_UNREACHABLE_CODE = YES;
				CLANG_WARN__DUPLICATE_METHOD_MATCH = YES;
				"CODE_SIGN_IDENTITY[sdk=iphoneos*]" = "iPhone Developer";
				COPY_PHASE_STRIP = NO;
				DEBUG_INFORMATION_FORMAT = "dwarf-with-dsym";
				ENABLE_NS_ASSERTIONS = NO;
				ENABLE_STRICT_OBJC_MSGSEND = YES;
				GCC_C_LANGUAGE_STANDARD = gnu99;
				GCC_NO_COMMON_BLOCKS = YES;
				GCC_WARN_64_TO_32_BIT_CONVERSION = YES;
				GCC_WARN_ABOUT_RETURN_TYPE = YES_ERROR;
				GCC_WARN_UNDECLARED_SELECTOR = YES;
				GCC_WARN_UNINITIALIZED_AUTOS = YES_AGGRESSIVE;
				GCC_WARN_UNUSED_FUNCTION = YES;
				GCC_WARN_UNUSED_VARIABLE = YES;
				IPHONEOS_DEPLOYMENT_TARGET = 9.0;
				MTL_ENABLE_DEBUG_INFO = NO;
				SDKROOT = iphoneos;
				VALIDATE_PRODUCT = YES;
			};
			name = Release;
		};
		2F02C0041BD5230000FC3213 /* Debug */ = {
			isa = XCBuildConfiguration;
			buildSettings = {
				ASSETCATALOG_COMPILER_APPICON_NAME = AppIcon;
				INFOPLIST_FILE = "Times Tables/Info.plist";
				LD_RUNPATH_SEARCH_PATHS = "$(inherited) @executable_path/Frameworks";
				PRODUCT_BUNDLE_IDENTIFIER = "cc.swartz.Times-Tables";
				PRODUCT_NAME = "$(TARGET_NAME)";
			};
			name = Debug;
		};
		2F02C0051BD5230000FC3213 /* Release */ = {
			isa = XCBuildConfiguration;
			buildSettings = {
				ASSETCATALOG_COMPILER_APPICON_NAME = AppIcon;
				INFOPLIST_FILE = "Times Tables/Info.plist";
				LD_RUNPATH_SEARCH_PATHS = "$(inherited) @executable_path/Frameworks";
				PRODUCT_BUNDLE_IDENTIFIER = "cc.swartz.Times-Tables";
				PRODUCT_NAME = "$(TARGET_NAME)";
			};
			name = Release;
		};
/* End XCBuildConfiguration section */

/* Begin XCConfigurationList section */
		2F02BFEC1BD5230000FC3213 /* Build configuration list for PBXProject "Times Tables" */ = {
			isa = XCConfigurationList;
			buildConfigurations = (
				2F02C0011BD5230000FC3213 /* Debug */,
				2F02C0021BD5230000FC3213 /* Release */,
			);
			defaultConfigurationIsVisible = 0;
			defaultConfigurationName = Release;
		};
		2F02C0031BD5230000FC3213 /* Build configuration list for PBXNativeTarget "Times Tables" */ = {
			isa = XCConfigurationList;
			buildConfigurations = (
				2F02C0041BD5230000FC3213 /* Debug */,
				2F02C0051BD5230000FC3213 /* Release */,
			);
			defaultConfigurationIsVisible = 0;
		};
/* End XCConfigurationList section */
	};
	rootObject = 2F02BFE91BD522FF00FC3213 /* Project object */;
}
