// !$*UTF8*$!
{
	archiveVersion = 1;
	classes = {
	};
	objectVersion = 46;
	objects = {

/* Begin PBXBuildFile section */
		2FBE5FA31C03595200CA22B2 /* AppDelegate.swift in Sources */ = {isa = PBXBuildFile; fileRef = 2FBE5FA21C03595200CA22B2 /* AppDelegate.swift */; };
		2FBE5FA51C03595200CA22B2 /* ViewController.swift in Sources */ = {isa = PBXBuildFile; fileRef = 2FBE5FA41C03595200CA22B2 /* ViewController.swift */; };
		2FBE5FA81C03595200CA22B2 /* Main.storyboard in Resources */ = {isa = PBXBuildFile; fileRef = 2FBE5FA61C03595200CA22B2 /* Main.storyboard */; };
		2FBE5FAA1C03595200CA22B2 /* Assets.xcassets in Resources */ = {isa = PBXBuildFile; fileRef = 2FBE5FA91C03595200CA22B2 /* Assets.xcassets */; };
		2FBE5FAD1C03595200CA22B2 /* LaunchScreen.storyboard in Resources */ = {isa = PBXBuildFile; fileRef = 2FBE5FAB1C03595200CA22B2 /* LaunchScreen.storyboard */; };
		2FBE5FB51C035C9600CA22B2 /* TableViewController.swift in Sources */ = {isa = PBXBuildFile; fileRef = 2FBE5FB41C035C9600CA22B2 /* TableViewController.swift */; settings = {ASSET_TAGS = (); }; };
		2FBE5FB71C0B738400CA22B2 /* CoreLocation.framework in Frameworks */ = {isa = PBXBuildFile; fileRef = 2FBE5FB61C0B738400CA22B2 /* CoreLocation.framework */; };
/* End PBXBuildFile section */

/* Begin PBXFileReference section */
		2FBE5F9F1C03595100CA22B2 /* Memborable Places.app */ = {isa = PBXFileReference; explicitFileType = wrapper.application; includeInIndex = 0; path = "Memborable Places.app"; sourceTree = BUILT_PRODUCTS_DIR; };
		2FBE5FA21C03595200CA22B2 /* AppDelegate.swift */ = {isa = PBXFileReference; lastKnownFileType = sourcecode.swift; path = AppDelegate.swift; sourceTree = "<group>"; };
		2FBE5FA41C03595200CA22B2 /* ViewController.swift */ = {isa = PBXFileReference; lastKnownFileType = sourcecode.swift; path = ViewController.swift; sourceTree = "<group>"; };
		2FBE5FA71C03595200CA22B2 /* Base */ = {isa = PBXFileReference; lastKnownFileType = file.storyboard; name = Base; path = Base.lproj/Main.storyboard; sourceTree = "<group>"; };
		2FBE5FA91C03595200CA22B2 /* Assets.xcassets */ = {isa = PBXFileReference; lastKnownFileType = folder.assetcatalog; path = Assets.xcassets; sourceTree = "<group>"; };
		2FBE5FAC1C03595200CA22B2 /* Base */ = {isa = PBXFileReference; lastKnownFileType = file.storyboard; name = Base; path = Base.lproj/LaunchScreen.storyboard; sourceTree = "<group>"; };
		2FBE5FAE1C03595200CA22B2 /* Info.plist */ = {isa = PBXFileReference; lastKnownFileType = text.plist.xml; path = Info.plist; sourceTree = "<group>"; };
		2FBE5FB41C035C9600CA22B2 /* TableViewController.swift */ = {isa = PBXFileReference; fileEncoding = 4; lastKnownFileType = sourcecode.swift; path = TableViewController.swift; sourceTree = "<group>"; };
		2FBE5FB61C0B738400CA22B2 /* CoreLocation.framework */ = {isa = PBXFileReference; lastKnownFileType = wrapper.framework; name = CoreLocation.framework; path = System/Library/Frameworks/CoreLocation.framework; sourceTree = SDKROOT; };
/* End PBXFileReference section */

/* Begin PBXFrameworksBuildPhase section */
		2FBE5F9C1C03595100CA22B2 /* Frameworks */ = {
			isa = PBXFrameworksBuildPhase;
			buildActionMask = 2147483647;
			files = (
				2FBE5FB71C0B738400CA22B2 /* CoreLocation.framework in Frameworks */,
			);
			runOnlyForDeploymentPostprocessing = 0;
		};
/* End PBXFrameworksBuildPhase section */

/* Begin PBXGroup section */
		2FBE5F961C03595100CA22B2 = {
			isa = PBXGroup;
			children = (
				2FBE5FB61C0B738400CA22B2 /* CoreLocation.framework */,
				2FBE5FA11C03595200CA22B2 /* Memborable Places */,
				2FBE5FA01C03595100CA22B2 /* Products */,
			);
			sourceTree = "<group>";
		};
		2FBE5FA01C03595100CA22B2 /* Products */ = {
			isa = PBXGroup;
			children = (
				2FBE5F9F1C03595100CA22B2 /* Memborable Places.app */,
			);
			name = Products;
			sourceTree = "<group>";
		};
		2FBE5FA11C03595200CA22B2 /* Memborable Places */ = {
			isa = PBXGroup;
			children = (
				2FBE5FA21C03595200CA22B2 /* AppDelegate.swift */,
				2FBE5FA41C03595200CA22B2 /* ViewController.swift */,
				2FBE5FA61C03595200CA22B2 /* Main.storyboard */,
				2FBE5FB41C035C9600CA22B2 /* TableViewController.swift */,
				2FBE5FA91C03595200CA22B2 /* Assets.xcassets */,
				2FBE5FAB1C03595200CA22B2 /* LaunchScreen.storyboard */,
				2FBE5FAE1C03595200CA22B2 /* Info.plist */,
			);
			path = "Memborable Places";
			sourceTree = "<group>";
		};
/* End PBXGroup section */

/* Begin PBXNativeTarget section */
		2FBE5F9E1C03595100CA22B2 /* Memborable Places */ = {
			isa = PBXNativeTarget;
			buildConfigurationList = 2FBE5FB11C03595200CA22B2 /* Build configuration list for PBXNativeTarget "Memborable Places" */;
			buildPhases = (
				2FBE5F9B1C03595100CA22B2 /* Sources */,
				2FBE5F9C1C03595100CA22B2 /* Frameworks */,
				2FBE5F9D1C03595100CA22B2 /* Resources */,
			);
			buildRules = (
			);
			dependencies = (
			);
			name = "Memborable Places";
			productName = "Memborable Places";
			productReference = 2FBE5F9F1C03595100CA22B2 /* Memborable Places.app */;
			productType = "com.apple.product-type.application";
		};
/* End PBXNativeTarget section */

/* Begin PBXProject section */
		2FBE5F971C03595100CA22B2 /* Project object */ = {
			isa = PBXProject;
			attributes = {
				LastUpgradeCheck = 0700;
				ORGANIZATIONNAME = swartz;
				TargetAttributes = {
					2FBE5F9E1C03595100CA22B2 = {
						CreatedOnToolsVersion = 7.0.1;
						DevelopmentTeam = Z92FM33FR5;
					};
				};
			};
			buildConfigurationList = 2FBE5F9A1C03595100CA22B2 /* Build configuration list for PBXProject "Memborable Places" */;
			compatibilityVersion = "Xcode 3.2";
			developmentRegion = English;
			hasScannedForEncodings = 0;
			knownRegions = (
				en,
				Base,
			);
			mainGroup = 2FBE5F961C03595100CA22B2;
			productRefGroup = 2FBE5FA01C03595100CA22B2 /* Products */;
			projectDirPath = "";
			projectRoot = "";
			targets = (
				2FBE5F9E1C03595100CA22B2 /* Memborable Places */,
			);
		};
/* End PBXProject section */

/* Begin PBXResourcesBuildPhase section */
		2FBE5F9D1C03595100CA22B2 /* Resources */ = {
			isa = PBXResourcesBuildPhase;
			buildActionMask = 2147483647;
			files = (
				2FBE5FAD1C03595200CA22B2 /* LaunchScreen.storyboard in Resources */,
				2FBE5FAA1C03595200CA22B2 /* Assets.xcassets in Resources */,
				2FBE5FA81C03595200CA22B2 /* Main.storyboard in Resources */,
			);
			runOnlyForDeploymentPostprocessing = 0;
		};
/* End PBXResourcesBuildPhase section */

/* Begin PBXSourcesBuildPhase section */
		2FBE5F9B1C03595100CA22B2 /* Sources */ = {
			isa = PBXSourcesBuildPhase;
			buildActionMask = 2147483647;
			files = (
				2FBE5FA51C03595200CA22B2 /* ViewController.swift in Sources */,
				2FBE5FB51C035C9600CA22B2 /* TableViewController.swift in Sources */,
				2FBE5FA31C03595200CA22B2 /* AppDelegate.swift in Sources */,
			);
			runOnlyForDeploymentPostprocessing = 0;
		};
/* End PBXSourcesBuildPhase section */

/* Begin PBXVariantGroup section */
		2FBE5FA61C03595200CA22B2 /* Main.storyboard */ = {
			isa = PBXVariantGroup;
			children = (
				2FBE5FA71C03595200CA22B2 /* Base */,
			);
			name = Main.storyboard;
			sourceTree = "<group>";
		};
		2FBE5FAB1C03595200CA22B2 /* LaunchScreen.storyboard */ = {
			isa = PBXVariantGroup;
			children = (
				2FBE5FAC1C03595200CA22B2 /* Base */,
			);
			name = LaunchScreen.storyboard;
			sourceTree = "<group>";
		};
/* End PBXVariantGroup section */

/* Begin XCBuildConfiguration section */
		2FBE5FAF1C03595200CA22B2 /* Debug */ = {
			isa = XCBuildConfiguration;
			buildSettings = {
				ALWAYS_SEARCH_USER_PATHS = NO;
				CLANG_CXX_LANGUAGE_STANDARD = "gnu++0x";
				CLANG_CXX_LIBRARY = "libc++";
				CLANG_ENABLE_MODULES = YES;
				CLANG_ENABLE_OBJC_ARC = YES;
				CLANG_WARN_BOOL_CONVERSION = YES;
				CLANG_WARN_CONSTANT_CONVERSION = YES;
				CLANG_WARN_DIRECT_OBJC_ISA_USAGE = YES_ERROR;
				CLANG_WARN_EMPTY_BODY = YES;
				CLANG_WARN_ENUM_CONVERSION = YES;
				CLANG_WARN_INT_CONVERSION = YES;
				CLANG_WARN_OBJC_ROOT_CLASS = YES_ERROR;
				CLANG_WARN_UNREACHABLE_CODE = YES;
				CLANG_WARN__DUPLICATE_METHOD_MATCH = YES;
				"CODE_SIGN_IDENTITY[sdk=iphoneos*]" = "iPhone Developer";
				COPY_PHASE_STRIP = NO;
				DEBUG_INFORMATION_FORMAT = dwarf;
				ENABLE_STRICT_OBJC_MSGSEND = YES;
				ENABLE_TESTABILITY = YES;
				GCC_C_LANGUAGE_STANDARD = gnu99;
				GCC_DYNAMIC_NO_PIC = NO;
				GCC_NO_COMMON_BLOCKS = YES;
				GCC_OPTIMIZATION_LEVEL = 0;
				GCC_PREPROCESSOR_DEFINITIONS = (
					"DEBUG=1",
					"$(inherited)",
				);
				GCC_WARN_64_TO_32_BIT_CONVERSION = YES;
				GCC_WARN_ABOUT_RETURN_TYPE = YES_ERROR;
				GCC_WARN_UNDECLARED_SELECTOR = YES;
				GCC_WARN_UNINITIALIZED_AUTOS = YES_AGGRESSIVE;
				GCC_WARN_UNUSED_FUNCTION = YES;
				GCC_WARN_UNUSED_VARIABLE = YES;
				IPHONEOS_DEPLOYMENT_TARGET = 9.0;
				MTL_ENABLE_DEBUG_INFO = YES;
				ONLY_ACTIVE_ARCH = YES;
				SDKROOT = iphoneos;
				SWIFT_OPTIMIZATION_LEVEL = "-Onone";
			};
			name = Debug;
		};
		2FBE5FB01C03595200CA22B2 /* Release */ = {
			isa = XCBuildConfiguration;
			buildSettings = {
				ALWAYS_SEARCH_USER_PATHS = NO;
				CLANG_CXX_LANGUAGE_STANDARD = "gnu++0x";
				CLANG_CXX_LIBRARY = "libc++";
				CLANG_ENABLE_MODULES = YES;
				CLANG_ENABLE_OBJC_ARC = YES;
				CLANG_WARN_BOOL_CONVERSION = YES;
				CLANG_WARN_CONSTANT_CONVERSION = YES;
				CLANG_WARN_DIRECT_OBJC_ISA_USAGE = YES_ERROR;
				CLANG_WARN_EMPTY_BODY = YES;
				CLANG_WARN_ENUM_CONVERSION = YES;
				CLANG_WARN_INT_CONVERSION = YES;
				CLANG_WARN_OBJC_ROOT_CLASS = YES_ERROR;
				CLANG_WARN_UNREACHABLE_CODE = YES;
				CLANG_WARN__DUPLICATE_METHOD_MATCH = YES;
				"CODE_SIGN_IDENTITY[sdk=iphoneos*]" = "iPhone Developer";
				COPY_PHASE_STRIP = NO;
				DEBUG_INFORMATION_FORMAT = "dwarf-with-dsym";
				ENABLE_NS_ASSERTIONS = NO;
				ENABLE_STRICT_OBJC_MSGSEND = YES;
				GCC_C_LANGUAGE_STANDARD = gnu99;
				GCC_NO_COMMON_BLOCKS = YES;
				GCC_WARN_64_TO_32_BIT_CONVERSION = YES;
				GCC_WARN_ABOUT_RETURN_TYPE = YES_ERROR;
				GCC_WARN_UNDECLARED_SELECTOR = YES;
				GCC_WARN_UNINITIALIZED_AUTOS = YES_AGGRESSIVE;
				GCC_WARN_UNUSED_FUNCTION = YES;
				GCC_WARN_UNUSED_VARIABLE = YES;
				IPHONEOS_DEPLOYMENT_TARGET = 9.0;
				MTL_ENABLE_DEBUG_INFO = NO;
				SDKROOT = iphoneos;
				VALIDATE_PRODUCT = YES;
			};
			name = Release;
		};
		2FBE5FB21C03595200CA22B2 /* Debug */ = {
			isa = XCBuildConfiguration;
			buildSettings = {
				ASSETCATALOG_COMPILER_APPICON_NAME = AppIcon;
				INFOPLIST_FILE = "Memborable Places/Info.plist";
				LD_RUNPATH_SEARCH_PATHS = "$(inherited) @executable_path/Frameworks";
				PRODUCT_BUNDLE_IDENTIFIER = "cc.swartz.Memborable-Places";
				PRODUCT_NAME = "$(TARGET_NAME)";
			};
			name = Debug;
		};
		2FBE5FB31C03595200CA22B2 /* Release */ = {
			isa = XCBuildConfiguration;
			buildSettings = {
				ASSETCATALOG_COMPILER_APPICON_NAME = AppIcon;
				INFOPLIST_FILE = "Memborable Places/Info.plist";
				LD_RUNPATH_SEARCH_PATHS = "$(inherited) @executable_path/Frameworks";
				PRODUCT_BUNDLE_IDENTIFIER = "cc.swartz.Memborable-Places";
				PRODUCT_NAME = "$(TARGET_NAME)";
			};
			name = Release;
		};
/* End XCBuildConfiguration section */

/* Begin XCConfigurationList section */
		2FBE5F9A1C03595100CA22B2 /* Build configuration list for PBXProject "Memborable Places" */ = {
			isa = XCConfigurationList;
			buildConfigurations = (
				2FBE5FAF1C03595200CA22B2 /* Debug */,
				2FBE5FB01C03595200CA22B2 /* Release */,
			);
			defaultConfigurationIsVisible = 0;
			defaultConfigurationName = Release;
		};
		2FBE5FB11C03595200CA22B2 /* Build configuration list for PBXNativeTarget "Memborable Places" */ = {
			isa = XCConfigurationList;
			buildConfigurations = (
				2FBE5FB21C03595200CA22B2 /* Debug */,
				2FBE5FB31C03595200CA22B2 /* Release */,
			);
			defaultConfigurationIsVisible = 0;
		};
/* End XCConfigurationList section */
	};
	rootObject = 2FBE5F971C03595100CA22B2 /* Project object */;
}
